
Microsoft Visual Studio Solution File, Format Version 12.00
# Visual Studio 15
Project("{FAE04EC0-301F-11D3-BF4B-00C04F79EFBC}") = "Assembly-CSharp", "Assembly-CSharp.csproj", "{7455C074-975A-9E26-9C8B-90F71E6EA0BB}"
EndProject
Project("{FAE04EC0-301F-11D3-BF4B-00C04F79EFBC}") = "Assembly-CSharp-Editor", "Assembly-CSharp-Editor.csproj", "{EE8DE1A9-DF56-E91E-0A3A-1CC72336E946}"
EndProject
Global
	GlobalSection(SolutionConfigurationPlatforms) = preSolution
		Debug|Any CPU = Debug|Any CPU
		Release|Any CPU = Release|Any CPU
	EndGlobalSection
	GlobalSection(ProjectConfigurationPlatforms) = postSolution
		{7455C074-975A-9E26-9C8B-90F71E6EA0BB}.Debug|Any CPU.ActiveCfg = Debug|Any CPU
		{7455C074-975A-9E26-9C8B-90F71E6EA0BB}.Debug|Any CPU.Build.0 = Debug|Any CPU
		{7455C074-975A-9E26-9C8B-90F71E6EA0BB}.Release|Any CPU.ActiveCfg = Release|Any CPU
		{7455C074-975A-9E26-9C8B-90F71E6EA0BB}.Release|Any CPU.Build.0 = Release|Any CPU
		{EE8DE1A9-DF56-E91E-0A3A-1CC72336E946}.Debug|Any CPU.ActiveCfg = Debug|Any CPU
		{EE8DE1A9-DF56-E91E-0A3A-1CC72336E946}.Debug|Any CPU.Build.0 = Debug|Any CPU
		{EE8DE1A9-DF56-E91E-0A3A-1CC72336E946}.Release|Any CPU.ActiveCfg = Release|Any CPU
		{EE8DE1A9-DF56-E91E-0A3A-1CC72336E946}.Release|Any CPU.Build.0 = Release|Any CPU
	EndGlobalSection
	GlobalSection(SolutionProperties) = preSolution
		HideSolutionNode = FALSE
	EndGlobalSection
EndGlobal
